github.com/creack/pty v1.1.9/go.mod h1:oKZEueFk5CKHvIhNR5MUki03XCEU+Q6VDXinZuGJ33E=
github.com/davecgh/go-spew v1.1.0/go.mod h1:J7Y8YcW2NihsgmVo/mv3lAwl/skON4iLHjSsI+c5H38=
github.com/davecgh/go-spew v1.1.1 h1:vj9j/u1bqnvCEfJOwUhtlOARqs3+rkHYY13jYWTU97c=
github.com/jacksonCLyu/devup v1.1.6 h1:FFmdTIFfrlmhpjf7gQuwUfKzBzI1hUzgFOLJBGwfGKU=
github.com/jacksonCLyu/devup v1.1.6/go.mod h1:RcFtNvEVDGYqhyiWbdTdKBOanvE7fjMx3O2004eXvRg=
github.com/jacksonCLyu/ridi-faces v1.4.0 h1:pG5TUlcsJYI4oniEYqJq+Z8JMXl/G8YYCxqLyrU7W+8=
github.com/jacksonCLyu/ridi-faces v1.4.0/go.mod h1:JEO+0FKa+9EBEcRJ1tfctyAn2wkUrlph/kI6yx4/XRE=
github.com/jacksonCLyu/ridi-faces v1.5.0 h1:CXLYzp/H4bPOjKECa3WIwncdOaaMjHC8cSllhRcV/5o=
github.com/jacksonCLyu/ridi-faces v1.5.0/go.mod h1:JEO+0FKa+9EBEcRJ1tfctyAn2wkUrlph/kI6yx4/XRE=
github.com/jacksonCLyu/ridi-faces v1.6.0 h1:XsC3O0vPgPyzBT5C6wm+4Mf4Va4NYrhdr6oa1GTND4E=
github.com/jacksonCLyu/ridi-faces v1.6.0/go.mod h1:JEO+0FKa+9EBEcRJ1tfctyAn2wkUrlph/kI6yx4/XRE=
github.com/jacksonCLyu/ridi-utils v1.0.0 h1:FZkSRvKAqakZ/4174WZuOQuWzJQT09l0HP/3BoRnbTQ=
github.com/jacksonCLyu/ridi-utils v1.0.0/go.mod h1:qV0O4YOJm/HyKDBwJ/EVQrp52QMeTcRCT/4DI9nux+Y=
github.com/jacksonCLyu/ridi-utils v1.1.0 h1:KOv7N8K6Vkpz5+emLo04rQm6BhsARcZ3D1XatlgJTqM=
github.com/jacksonCLyu/ridi-utils v1.1.0/go.mod h1:qV0O4YOJm/HyKDBwJ/EVQrp52QMeTcRCT/4DI9nux+Y=
github.com/kr/pretty v0.1.0 h1:L/CwN0zerZDmRFUapSPitk6f+Q3+0za1rQkzVuMiMFI=
github.com/kr/text v0.2.0 h1:5Nx0Ya0ZqY2ygV366QzturHI13Jq95ApcVaJBhpS+AY=
github.com/kr/text v0.2.0/go.mod h1:eLer722TekiGuMkidMxC/pM04lWEeraHUUmBw8l2grE=
github.com/pelletier/go-toml/v2 v2.0.0-beta.8 h1:dy81yyLYJDwMTifq24Oi/IslOslRrDSb3jwDggjz3Z0=
github.com/pelletier/go-toml/v2 v2.0.0-beta.8/go.mod h1:r9LEWfGN8R5k0VXJ+0BkIe7MYkRdwZOjgMj2KwnJFUo=
github.com/pkg/errors v0.9.1 h1:FEBLx1zS214owpjy7qsBeixbURkuhQAwrK5UwLGTwt4=
github.com/pkg/errors v0.9.1/go.mod h1:bwawxfHBFNV+L2hUp1rHADufV3IMtnDRdf1r5NINEl0=
github.com/pmezard/go-difflib v1.0.0 h1:4DBwDE0NGyQoBHbLQYPwSUPoCMWR5BEzIk/f1lZbAQM=
github.com/pmezard/go-difflib v1.0.0/go.mod h1:iKH77koFhYxTK1pcRnkKkqfTogsbg7gZNVY4sRDYZ/4=
github.com/stretchr/objx v0.1.0/go.mod h1:HFkY916IF+rwdDfMAkV7OtwuqBVzrE8GR6GFx+wExME=
github.com/stretchr/testify v1.7.1 h1:5TQK59W5E3v0r2duFAb7P95B6hEeOyEnHRa8MjYSMTY=
github.com/stretchr/testify v1.7.1/go.mod h1:6Fq8oRcR53rry900zMqJjRRixrwX3KX962/h/Wwjteg=
gopkg.in/check.v1 v0.0.0-20161208181325-20d25e280405/go.mod h1:Co6ibVJAznAaIkqp8huTwlJQCZ016jof/cbN4VW5Yz0=
gopkg.in/check.v1 v1.0.0-20180628173108-788fd7840127 h1:qIbj1fsPNlZgppZ+VLlY7N33q108Sa+fhmuc+sWQYwY=
gopkg.in/yaml.v2 v2.4.0 h1:D8xgwECY7CYvx+Y2n4sBz93Jn9JRvxdiyyo8CTfuKaY=
gopkg.in/yaml.v2 v2.4.0/go.mod h1:RDklbk79AGWmwhnvt/jBztapEOGDOx6ZbXqjP6csGnQ=
gopkg.in/yaml.v3 v3.0.0-20200313102051-9f266ea9e77c/go.mod h1:K4uyk7z7BCEPqu6E+C64Yfv1cQ7kz7rIZviUmN+EgEM=
gopkg.in/yaml.v3 v3.0.0-20210107192922-496545a6307b h1:h8qDotaEPuJATrMmW04NCwg7v22aHH28wwpauUhK9Oo=
